{
  "name": "webpack",
  "version": "3.10.0",
  "lockfileVersion": 1,
  "requires": true,
  "dependencies": {
    "expose-loader": {
      "version": "0.7.4",
      "resolved": "https://registry.npmjs.org/expose-loader/-/expose-loader-0.7.4.tgz",
      "integrity": "sha512-lweINkewAXcQtNjd7j1gO3cd8O/8lNYijsEwH4YZ+Dv3gT2Kh9/YvJov5Mdp2A75QIhgOvsSyRa/ZG3wYjNZpA==",
      "dev": true
    },
    "jquery": {
      "version": "3.2.1",
      "resolved": "https://registry.npmjs.org/jquery/-/jquery-3.2.1.tgz",
      "integrity": "sha1-XE2d5lKvbNCncBVKYxu6ErAVx4c=",
      "dev": true
    }
  }
}
